
Microsoft Visual Studio Solution File, Format Version 12.00
# Visual Studio 2013
VisualStudioVersion = 12.0.31101.0
MinimumVisualStudioVersion = 10.0.40219.1
Project("{FAE04EC0-301F-11D3-BF4B-00C04F79EFBC}") = "CurrencyExchange", "CurrencyExchange\CurrencyExchange.csproj", "{6A0F9C32-B994-4C9B-AC55-59318B2CA2A3}"
EndProject
Project("{FAE04EC0-301F-11D3-BF4B-00C04F79EFBC}") = "CurrencyExchange.Tests", "..\..\Visual Studio Projects\CurrencyExchange\CurrencyExchange.Tests\CurrencyExchange.Tests.csproj", "{8F6C2D41-8984-4F40-B418-07E6EBAEA8A4}"
EndProject
Global
	GlobalSection(SolutionConfigurationPlatforms) = preSolution
		Debug|Any CPU = Debug|Any CPU
		Release|Any CPU = Release|Any CPU
	EndGlobalSection
	GlobalSection(ProjectConfigurationPlatforms) = postSolution
		{6A0F9C32-B994-4C9B-AC55-59318B2CA2A3}.Debug|Any CPU.ActiveCfg = Debug|Any CPU
		{6A0F9C32-B994-4C9B-AC55-59318B2CA2A3}.Debug|Any CPU.Build.0 = Debug|Any CPU
		{6A0F9C32-B994-4C9B-AC55-59318B2CA2A3}.Release|Any CPU.ActiveCfg = Release|Any CPU
		{6A0F9C32-B994-4C9B-AC55-59318B2CA2A3}.Release|Any CPU.Build.0 = Release|Any CPU
		{8F6C2D41-8984-4F40-B418-07E6EBAEA8A4}.Debug|Any CPU.ActiveCfg = Debug|Any CPU
		{8F6C2D41-8984-4F40-B418-07E6EBAEA8A4}.Debug|Any CPU.Build.0 = Debug|Any CPU
		{8F6C2D41-8984-4F40-B418-07E6EBAEA8A4}.Release|Any CPU.ActiveCfg = Release|Any CPU
		{8F6C2D41-8984-4F40-B418-07E6EBAEA8A4}.Release|Any CPU.Build.0 = Release|Any CPU
	EndGlobalSection
	GlobalSection(SolutionProperties) = preSolution
		HideSolutionNode = FALSE
	EndGlobalSection
EndGlobal
